
Microsoft Visual Studio Solution File, Format Version 12.00
# Visual Studio Version 17
VisualStudioVersion = 17.1.32421.90
MinimumVisualStudioVersion = 10.0.40219.1
Project("{FAE04EC0-301F-11D3-BF4B-00C04F79EFBC}") = "NpCommon", "NpCommon\NpCommon.csproj", "{38C0C8D0-5E89-449A-8F70-0D58D64C70EC}"
EndProject
Project("{FAE04EC0-301F-11D3-BF4B-00C04F79EFBC}") = "OrderManager", "OrderManager\OrderManager.csproj", "{E890B1C0-6EB2-4984-A21D-B3A1AD0C74B9}"
EndProject
Project("{FAE04EC0-301F-11D3-BF4B-00C04F79EFBC}") = "DatabaseManager", "DatabaseManager\DatabaseManager.csproj", "{A04F76FF-D2AB-427C-BF7D-CCCFCD5DAB68}"
EndProject
Project("{FAE04EC0-301F-11D3-BF4B-00C04F79EFBC}") = "SupervisorIfSim", "SupervisorIfSim\SupervisorIfSim.csproj", "{0100960E-F856-440A-9B2A-B30EABF50400}"
EndProject
Project("{8BC9CEB8-8B4A-11D0-8D11-00A0C91BC942}") = "serialDLL", "serialDLL\serialDLL.vcxproj", "{F7BE9195-95ED-41E4-9292-D7F9DA72ACAB}"
EndProject
Project("{9A19103F-16F7-4668-BE54-9A1E7A4F7556}") = "serialApp", "serialApp\serialApp.csproj", "{669D90AA-81C7-47E6-A7C5-2DD0ACCFD683}"
EndProject
Project("{8BC9CEB8-8B4A-11D0-8D11-00A0C91BC942}") = "ftpDLL", "ftpDLL\ftpDLL.vcxproj", "{EBCE16AB-1458-4444-8685-32DF5F52550B}"
EndProject
Project("{9A19103F-16F7-4668-BE54-9A1E7A4F7556}") = "ftpSim", "ftpSim\ftpSim.csproj", "{ECB0DF3C-9D88-47EF-9EDD-E5D8DF1FEB75}"
EndProject
Project("{9A19103F-16F7-4668-BE54-9A1E7A4F7556}") = "ftpApp", "ftpApp\ftpApp.csproj", "{00FE2C30-534E-47B8-AE04-5046FC30EE0A}"
EndProject
Global
	GlobalSection(SolutionConfigurationPlatforms) = preSolution
		Debug|Any CPU = Debug|Any CPU
		Debug|x64 = Debug|x64
		Debug|x86 = Debug|x86
		Release|Any CPU = Release|Any CPU
		Release|x64 = Release|x64
		Release|x86 = Release|x86
	EndGlobalSection
	GlobalSection(ProjectConfigurationPlatforms) = postSolution
		{38C0C8D0-5E89-449A-8F70-0D58D64C70EC}.Debug|Any CPU.ActiveCfg = Debug|Any CPU
		{38C0C8D0-5E89-449A-8F70-0D58D64C70EC}.Debug|Any CPU.Build.0 = Debug|Any CPU
		{38C0C8D0-5E89-449A-8F70-0D58D64C70EC}.Debug|x64.ActiveCfg = Debug|Any CPU
		{38C0C8D0-5E89-449A-8F70-0D58D64C70EC}.Debug|x64.Build.0 = Debug|Any CPU
		{38C0C8D0-5E89-449A-8F70-0D58D64C70EC}.Debug|x86.ActiveCfg = Debug|Any CPU
		{38C0C8D0-5E89-449A-8F70-0D58D64C70EC}.Debug|x86.Build.0 = Debug|Any CPU
		{38C0C8D0-5E89-449A-8F70-0D58D64C70EC}.Release|Any CPU.ActiveCfg = Release|Any CPU
		{38C0C8D0-5E89-449A-8F70-0D58D64C70EC}.Release|Any CPU.Build.0 = Release|Any CPU
		{38C0C8D0-5E89-449A-8F70-0D58D64C70EC}.Release|x64.ActiveCfg = Release|Any CPU
		{38C0C8D0-5E89-449A-8F70-0D58D64C70EC}.Release|x64.Build.0 = Release|Any CPU
		{38C0C8D0-5E89-449A-8F70-0D58D64C70EC}.Release|x86.ActiveCfg = Release|Any CPU
		{38C0C8D0-5E89-449A-8F70-0D58D64C70EC}.Release|x86.Build.0 = Release|Any CPU
		{E890B1C0-6EB2-4984-A21D-B3A1AD0C74B9}.Debug|Any CPU.ActiveCfg = Debug|Any CPU
		{E890B1C0-6EB2-4984-A21D-B3A1AD0C74B9}.Debug|Any CPU.Build.0 = Debug|Any CPU
		{E890B1C0-6EB2-4984-A21D-B3A1AD0C74B9}.Debug|x64.ActiveCfg = Debug|Any CPU
		{E890B1C0-6EB2-4984-A21D-B3A1AD0C74B9}.Debug|x64.Build.0 = Debug|Any CPU
		{E890B1C0-6EB2-4984-A21D-B3A1AD0C74B9}.Debug|x86.ActiveCfg = Debug|Any CPU
		{E890B1C0-6EB2-4984-A21D-B3A1AD0C74B9}.Debug|x86.Build.0 = Debug|Any CPU
		{E890B1C0-6EB2-4984-A21D-B3A1AD0C74B9}.Release|Any CPU.ActiveCfg = Release|Any CPU
		{E890B1C0-6EB2-4984-A21D-B3A1AD0C74B9}.Release|Any CPU.Build.0 = Release|Any CPU
		{E890B1C0-6EB2-4984-A21D-B3A1AD0C74B9}.Release|x64.ActiveCfg = Release|Any CPU
		{E890B1C0-6EB2-4984-A21D-B3A1AD0C74B9}.Release|x64.Build.0 = Release|Any CPU
		{E890B1C0-6EB2-4984-A21D-B3A1AD0C74B9}.Release|x86.ActiveCfg = Release|Any CPU
		{E890B1C0-6EB2-4984-A21D-B3A1AD0C74B9}.Release|x86.Build.0 = Release|Any CPU
		{A04F76FF-D2AB-427C-BF7D-CCCFCD5DAB68}.Debug|Any CPU.ActiveCfg = Debug|Any CPU
		{A04F76FF-D2AB-427C-BF7D-CCCFCD5DAB68}.Debug|Any CPU.Build.0 = Debug|Any CPU
		{A04F76FF-D2AB-427C-BF7D-CCCFCD5DAB68}.Debug|x64.ActiveCfg = Debug|Any CPU
		{A04F76FF-D2AB-427C-BF7D-CCCFCD5DAB68}.Debug|x64.Build.0 = Debug|Any CPU
		{A04F76FF-D2AB-427C-BF7D-CCCFCD5DAB68}.Debug|x86.ActiveCfg = Debug|Any CPU
		{A04F76FF-D2AB-427C-BF7D-CCCFCD5DAB68}.Debug|x86.Build.0 = Debug|Any CPU
		{A04F76FF-D2AB-427C-BF7D-CCCFCD5DAB68}.Release|Any CPU.ActiveCfg = Release|Any CPU
		{A04F76FF-D2AB-427C-BF7D-CCCFCD5DAB68}.Release|Any CPU.Build.0 = Release|Any CPU
		{A04F76FF-D2AB-427C-BF7D-CCCFCD5DAB68}.Release|x64.ActiveCfg = Release|Any CPU
		{A04F76FF-D2AB-427C-BF7D-CCCFCD5DAB68}.Release|x64.Build.0 = Release|Any CPU
		{A04F76FF-D2AB-427C-BF7D-CCCFCD5DAB68}.Release|x86.ActiveCfg = Release|Any CPU
		{A04F76FF-D2AB-427C-BF7D-CCCFCD5DAB68}.Release|x86.Build.0 = Release|Any CPU
		{0100960E-F856-440A-9B2A-B30EABF50400}.Debug|Any CPU.ActiveCfg = Debug|Any CPU
		{0100960E-F856-440A-9B2A-B30EABF50400}.Debug|Any CPU.Build.0 = Debug|Any CPU
		{0100960E-F856-440A-9B2A-B30EABF50400}.Debug|x64.ActiveCfg = Debug|Any CPU
		{0100960E-F856-440A-9B2A-B30EABF50400}.Debug|x64.Build.0 = Debug|Any CPU
		{0100960E-F856-440A-9B2A-B30EABF50400}.Debug|x86.ActiveCfg = Debug|Any CPU
		{0100960E-F856-440A-9B2A-B30EABF50400}.Debug|x86.Build.0 = Debug|Any CPU
		{0100960E-F856-440A-9B2A-B30EABF50400}.Release|Any CPU.ActiveCfg = Release|Any CPU
		{0100960E-F856-440A-9B2A-B30EABF50400}.Release|Any CPU.Build.0 = Release|Any CPU
		{0100960E-F856-440A-9B2A-B30EABF50400}.Release|x64.ActiveCfg = Release|Any CPU
		{0100960E-F856-440A-9B2A-B30EABF50400}.Release|x64.Build.0 = Release|Any CPU
		{0100960E-F856-440A-9B2A-B30EABF50400}.Release|x86.ActiveCfg = Release|Any CPU
		{0100960E-F856-440A-9B2A-B30EABF50400}.Release|x86.Build.0 = Release|Any CPU
		{F7BE9195-95ED-41E4-9292-D7F9DA72ACAB}.Debug|Any CPU.ActiveCfg = Debug|x64
		{F7BE9195-95ED-41E4-9292-D7F9DA72ACAB}.Debug|Any CPU.Build.0 = Debug|x64
		{F7BE9195-95ED-41E4-9292-D7F9DA72ACAB}.Debug|x64.ActiveCfg = Debug|x64
		{F7BE9195-95ED-41E4-9292-D7F9DA72ACAB}.Debug|x64.Build.0 = Debug|x64
		{F7BE9195-95ED-41E4-9292-D7F9DA72ACAB}.Debug|x86.ActiveCfg = Debug|Win32
		{F7BE9195-95ED-41E4-9292-D7F9DA72ACAB}.Debug|x86.Build.0 = Debug|Win32
		{F7BE9195-95ED-41E4-9292-D7F9DA72ACAB}.Release|Any CPU.ActiveCfg = Release|x64
		{F7BE9195-95ED-41E4-9292-D7F9DA72ACAB}.Release|Any CPU.Build.0 = Release|x64
		{F7BE9195-95ED-41E4-9292-D7F9DA72ACAB}.Release|x64.ActiveCfg = Release|x64
		{F7BE9195-95ED-41E4-9292-D7F9DA72ACAB}.Release|x64.Build.0 = Release|x64
		{F7BE9195-95ED-41E4-9292-D7F9DA72ACAB}.Release|x86.ActiveCfg = Release|Win32
		{F7BE9195-95ED-41E4-9292-D7F9DA72ACAB}.Release|x86.Build.0 = Release|Win32
		{669D90AA-81C7-47E6-A7C5-2DD0ACCFD683}.Debug|Any CPU.ActiveCfg = Debug|Any CPU
		{669D90AA-81C7-47E6-A7C5-2DD0ACCFD683}.Debug|Any CPU.Build.0 = Debug|Any CPU
		{669D90AA-81C7-47E6-A7C5-2DD0ACCFD683}.Debug|x64.ActiveCfg = Debug|Any CPU
		{669D90AA-81C7-47E6-A7C5-2DD0ACCFD683}.Debug|x64.Build.0 = Debug|Any CPU
		{669D90AA-81C7-47E6-A7C5-2DD0ACCFD683}.Debug|x86.ActiveCfg = Debug|Any CPU
		{669D90AA-81C7-47E6-A7C5-2DD0ACCFD683}.Debug|x86.Build.0 = Debug|Any CPU
		{669D90AA-81C7-47E6-A7C5-2DD0ACCFD683}.Release|Any CPU.ActiveCfg = Release|Any CPU
		{669D90AA-81C7-47E6-A7C5-2DD0ACCFD683}.Release|Any CPU.Build.0 = Release|Any CPU
		{669D90AA-81C7-47E6-A7C5-2DD0ACCFD683}.Release|x64.ActiveCfg = Release|Any CPU
		{669D90AA-81C7-47E6-A7C5-2DD0ACCFD683}.Release|x64.Build.0 = Release|Any CPU
		{669D90AA-81C7-47E6-A7C5-2DD0ACCFD683}.Release|x86.ActiveCfg = Release|Any CPU
		{669D90AA-81C7-47E6-A7C5-2DD0ACCFD683}.Release|x86.Build.0 = Release|Any CPU
		{EBCE16AB-1458-4444-8685-32DF5F52550B}.Debug|Any CPU.ActiveCfg = Debug|x64
		{EBCE16AB-1458-4444-8685-32DF5F52550B}.Debug|Any CPU.Build.0 = Debug|x64
		{EBCE16AB-1458-4444-8685-32DF5F52550B}.Debug|x64.ActiveCfg = Debug|x64
		{EBCE16AB-1458-4444-8685-32DF5F52550B}.Debug|x64.Build.0 = Debug|x64
		{EBCE16AB-1458-4444-8685-32DF5F52550B}.Debug|x86.ActiveCfg = Debug|Win32
		{EBCE16AB-1458-4444-8685-32DF5F52550B}.Debug|x86.Build.0 = Debug|Win32
		{EBCE16AB-1458-4444-8685-32DF5F52550B}.Release|Any CPU.ActiveCfg = Release|x64
		{EBCE16AB-1458-4444-8685-32DF5F52550B}.Release|Any CPU.Build.0 = Release|x64
		{EBCE16AB-1458-4444-8685-32DF5F52550B}.Release|x64.ActiveCfg = Release|x64
		{EBCE16AB-1458-4444-8685-32DF5F52550B}.Release|x64.Build.0 = Release|x64
		{EBCE16AB-1458-4444-8685-32DF5F52550B}.Release|x86.ActiveCfg = Release|Win32
		{EBCE16AB-1458-4444-8685-32DF5F52550B}.Release|x86.Build.0 = Release|Win32
		{ECB0DF3C-9D88-47EF-9EDD-E5D8DF1FEB75}.Debug|Any CPU.ActiveCfg = Debug|Any CPU
		{ECB0DF3C-9D88-47EF-9EDD-E5D8DF1FEB75}.Debug|Any CPU.Build.0 = Debug|Any CPU
		{ECB0DF3C-9D88-47EF-9EDD-E5D8DF1FEB75}.Debug|x64.ActiveCfg = Debug|Any CPU
		{ECB0DF3C-9D88-47EF-9EDD-E5D8DF1FEB75}.Debug|x64.Build.0 = Debug|Any CPU
		{ECB0DF3C-9D88-47EF-9EDD-E5D8DF1FEB75}.Debug|x86.ActiveCfg = Debug|Any CPU
		{ECB0DF3C-9D88-47EF-9EDD-E5D8DF1FEB75}.Debug|x86.Build.0 = Debug|Any CPU
		{ECB0DF3C-9D88-47EF-9EDD-E5D8DF1FEB75}.Release|Any CPU.ActiveCfg = Release|Any CPU
		{ECB0DF3C-9D88-47EF-9EDD-E5D8DF1FEB75}.Release|Any CPU.Build.0 = Release|Any CPU
		{ECB0DF3C-9D88-47EF-9EDD-E5D8DF1FEB75}.Release|x64.ActiveCfg = Release|Any CPU
		{ECB0DF3C-9D88-47EF-9EDD-E5D8DF1FEB75}.Release|x64.Build.0 = Release|Any CPU
		{ECB0DF3C-9D88-47EF-9EDD-E5D8DF1FEB75}.Release|x86.ActiveCfg = Release|Any CPU
		{ECB0DF3C-9D88-47EF-9EDD-E5D8DF1FEB75}.Release|x86.Build.0 = Release|Any CPU
		{00FE2C30-534E-47B8-AE04-5046FC30EE0A}.Debug|Any CPU.ActiveCfg = Debug|Any CPU
		{00FE2C30-534E-47B8-AE04-5046FC30EE0A}.Debug|Any CPU.Build.0 = Debug|Any CPU
		{00FE2C30-534E-47B8-AE04-5046FC30EE0A}.Debug|x64.ActiveCfg = Debug|Any CPU
		{00FE2C30-534E-47B8-AE04-5046FC30EE0A}.Debug|x64.Build.0 = Debug|Any CPU
		{00FE2C30-534E-47B8-AE04-5046FC30EE0A}.Debug|x86.ActiveCfg = Debug|Any CPU
		{00FE2C30-534E-47B8-AE04-5046FC30EE0A}.Debug|x86.Build.0 = Debug|Any CPU
		{00FE2C30-534E-47B8-AE04-5046FC30EE0A}.Release|Any CPU.ActiveCfg = Release|Any CPU
		{00FE2C30-534E-47B8-AE04-5046FC30EE0A}.Release|Any CPU.Build.0 = Release|Any CPU
		{00FE2C30-534E-47B8-AE04-5046FC30EE0A}.Release|x64.ActiveCfg = Release|Any CPU
		{00FE2C30-534E-47B8-AE04-5046FC30EE0A}.Release|x64.Build.0 = Release|Any CPU
		{00FE2C30-534E-47B8-AE04-5046FC30EE0A}.Release|x86.ActiveCfg = Release|Any CPU
		{00FE2C30-534E-47B8-AE04-5046FC30EE0A}.Release|x86.Build.0 = Release|Any CPU
	EndGlobalSection
	GlobalSection(SolutionProperties) = preSolution
		HideSolutionNode = FALSE
	EndGlobalSection
	GlobalSection(ExtensibilityGlobals) = postSolution
		SolutionGuid = {666B3F52-9250-48B7-A493-0ED30A7AF35D}
	EndGlobalSection
EndGlobal
